// !$*UTF8*$!
{
	archiveVersion = 1;
	classes = {
	};
	objectVersion = 51;
	objects = {

/* Begin PBXBuildFile section */
		04284D12261EA4B00081540E /* SupplierViewController.swift in Sources */ = {isa = PBXBuildFile; fileRef = 04284D11261EA4B00081540E /* SupplierViewController.swift */; };
		04284D16261EA6090081540E /* SupplierCollectionViewCell.swift in Sources */ = {isa = PBXBuildFile; fileRef = 04284D15261EA6090081540E /* SupplierCollectionViewCell.swift */; };
		04284D1A261EB1810081540E /* BigCardViewController.swift in Sources */ = {isa = PBXBuildFile; fileRef = 04284D19261EB1810081540E /* BigCardViewController.swift */; };
		0467E6A7260B45F900C1C416 /* DesignableSlider.swift in Sources */ = {isa = PBXBuildFile; fileRef = 0467E6A6260B45F900C1C416 /* DesignableSlider.swift */; };
		0485CDD62632801300BD0791 /* LoadingViewController.swift in Sources */ = {isa = PBXBuildFile; fileRef = 0485CDD52632801300BD0791 /* LoadingViewController.swift */; };
		048882902669FCB100C98A96 /* BGM.mp3 in Resources */ = {isa = PBXBuildFile; fileRef = 0488828F2669FCB100C98A96 /* BGM.mp3 */; };
		04909492264E1370009E699A /* 축전.mp3 in Resources */ = {isa = PBXBuildFile; fileRef = 04909461264E1364009E699A /* 축전.mp3 */; };
		04909493264E1370009E699A /* 먹구름.mp3 in Resources */ = {isa = PBXBuildFile; fileRef = 04909462264E1364009E699A /* 먹구름.mp3 */; };
		04909494264E1370009E699A /* 우리엘.mp3 in Resources */ = {isa = PBXBuildFile; fileRef = 04909463264E1365009E699A /* 우리엘.mp3 */; };
		04909495264E1370009E699A /* 수증기응결.mp3 in Resources */ = {isa = PBXBuildFile; fileRef = 04909464264E1365009E699A /* 수증기응결.mp3 */; };
		04909496264E1370009E699A /* 가마솥.mp3 in Resources */ = {isa = PBXBuildFile; fileRef = 04909465264E1365009E699A /* 가마솥.mp3 */; };
		04909497264E1370009E699A /* 물대포.mp3 in Resources */ = {isa = PBXBuildFile; fileRef = 04909466264E1365009E699A /* 물대포.mp3 */; };
		04909498264E1370009E699A /* 도둑.wav in Resources */ = {isa = PBXBuildFile; fileRef = 04909467264E1366009E699A /* 도둑.wav */; };
		04909499264E1370009E699A /* 낙뢰.mp3 in Resources */ = {isa = PBXBuildFile; fileRef = 04909468264E1366009E699A /* 낙뢰.mp3 */; };
		0490949A264E1370009E699A /* 아스타로트.mp3 in Resources */ = {isa = PBXBuildFile; fileRef = 04909469264E1366009E699A /* 아스타로트.mp3 */; };
		0490949B264E1370009E699A /* 릴림.mp3 in Resources */ = {isa = PBXBuildFile; fileRef = 0490946A264E1366009E699A /* 릴림.mp3 */; };
		0490949C264E1370009E699A /* 0임시_소환의진.mp3 in Resources */ = {isa = PBXBuildFile; fileRef = 0490946B264E1366009E699A /* 0임시_소환의진.mp3 */; };
		0490949D264E1370009E699A /* 신성한불꽃.mp3 in Resources */ = {isa = PBXBuildFile; fileRef = 0490946C264E1367009E699A /* 신성한불꽃.mp3 */; };
		0490949E264E1370009E699A /* 에너지재생.mp3 in Resources */ = {isa = PBXBuildFile; fileRef = 0490946D264E1367009E699A /* 에너지재생.mp3 */; };
		0490949F264E1370009E699A /* 금광.mp3 in Resources */ = {isa = PBXBuildFile; fileRef = 0490946E264E1367009E699A /* 금광.mp3 */; };
		049094A0264E1370009E699A /* 사기꾼.mp3 in Resources */ = {isa = PBXBuildFile; fileRef = 0490946F264E1367009E699A /* 사기꾼.mp3 */; };
		049094A1264E1370009E699A /* 폭주.mp3 in Resources */ = {isa = PBXBuildFile; fileRef = 04909470264E1368009E699A /* 폭주.mp3 */; };
		049094A2264E1370009E699A /* 보석세공사.mp3 in Resources */ = {isa = PBXBuildFile; fileRef = 04909471264E1368009E699A /* 보석세공사.mp3 */; };
		049094A3264E1370009E699A /* 도깨비불.mp3 in Resources */ = {isa = PBXBuildFile; fileRef = 04909472264E1368009E699A /* 도깨비불.mp3 */; };
		049094A4264E1370009E699A /* 최면.mp3 in Resources */ = {isa = PBXBuildFile; fileRef = 04909473264E1368009E699A /* 최면.mp3 */; };
		049094A5264E1370009E699A /* 불잉걸.mp3 in Resources */ = {isa = PBXBuildFile; fileRef = 04909474264E1369009E699A /* 불잉걸.mp3 */; };
		049094A6264E1370009E699A /* 마나물약.mp3 in Resources */ = {isa = PBXBuildFile; fileRef = 04909475264E1369009E699A /* 마나물약.mp3 */; };
		049094A7264E1370009E699A /* 0임시_가브리엘.mp3 in Resources */ = {isa = PBXBuildFile; fileRef = 04909476264E1369009E699A /* 0임시_가브리엘.mp3 */; };
		049094A8264E1370009E699A /* 화염구.mp3 in Resources */ = {isa = PBXBuildFile; fileRef = 04909477264E1369009E699A /* 화염구.mp3 */; };
		049094A9264E1370009E699A /* 물의감옥.mp3 in Resources */ = {isa = PBXBuildFile; fileRef = 04909478264E136A009E699A /* 물의감옥.mp3 */; };
		049094AA264E1370009E699A /* 위조기술자.mp3 in Resources */ = {isa = PBXBuildFile; fileRef = 04909479264E136A009E699A /* 위조기술자.mp3 */; };
		049094AB264E1370009E699A /* 마법지팡이.mp3 in Resources */ = {isa = PBXBuildFile; fileRef = 0490947A264E136A009E699A /* 마법지팡이.mp3 */; };
		049094AC264E1370009E699A /* 방전.mp3 in Resources */ = {isa = PBXBuildFile; fileRef = 0490947B264E136A009E699A /* 방전.mp3 */; };
		049094AD264E1370009E699A /* 사타나치아.mp3 in Resources */ = {isa = PBXBuildFile; fileRef = 0490947C264E136A009E699A /* 사타나치아.mp3 */; };
		049094AE264E1370009E699A /* 물의순환.mp3 in Resources */ = {isa = PBXBuildFile; fileRef = 0490947D264E136B009E699A /* 물의순환.mp3 */; };
		049094AF264E1370009E699A /* 불의순환.mp3 in Resources */ = {isa = PBXBuildFile; fileRef = 0490947E264E136B009E699A /* 불의순환.mp3 */; };
		049094B0264E1370009E699A /* 암시.mp3 in Resources */ = {isa = PBXBuildFile; fileRef = 0490947F264E136B009E699A /* 암시.mp3 */; };
		049094B1264E1370009E699A /* 금지된 마법.mp3 in Resources */ = {isa = PBXBuildFile; fileRef = 04909480264E136B009E699A /* 금지된 마법.mp3 */; };
		049094B2264E1370009E699A /* 스파크.mp3 in Resources */ = {isa = PBXBuildFile; fileRef = 04909481264E136C009E699A /* 스파크.mp3 */; };
		049094B3264E1370009E699A /* 물벼락.mp3 in Resources */ = {isa = PBXBuildFile; fileRef = 04909482264E136C009E699A /* 물벼락.mp3 */; };
		049094B4264E1370009E699A /* 재충전.mp3 in Resources */ = {isa = PBXBuildFile; fileRef = 04909483264E136C009E699A /* 재충전.mp3 */; };
		049094B5264E1370009E699A /* 라파엘.mp3 in Resources */ = {isa = PBXBuildFile; fileRef = 04909484264E136C009E699A /* 라파엘.mp3 */; };
		049094B6264E1370009E699A /* 미카엘.mp3 in Resources */ = {isa = PBXBuildFile; fileRef = 04909485264E136D009E699A /* 미카엘.mp3 */; };
		049094B7264E1370009E699A /* 정신집중.mp3 in Resources */ = {isa = PBXBuildFile; fileRef = 04909486264E136D009E699A /* 정신집중.mp3 */; };
		049094B8264E1370009E699A /* 수혈.mp3 in Resources */ = {isa = PBXBuildFile; fileRef = 04909487264E136D009E699A /* 수혈.mp3 */; };
		049094B9264E1370009E699A /* 0임시_기도.mp3 in Resources */ = {isa = PBXBuildFile; fileRef = 04909488264E136D009E699A /* 0임시_기도.mp3 */; };
		049094BA264E1370009E699A /* 서큐버스.mp3 in Resources */ = {isa = PBXBuildFile; fileRef = 04909489264E136E009E699A /* 서큐버스.mp3 */; };
		049094BB264E1370009E699A /* 초급마법서.mp3 in Resources */ = {isa = PBXBuildFile; fileRef = 0490948A264E136E009E699A /* 초급마법서.mp3 */; };
		049094BC264E1370009E699A /* 암흑광선.mp3 in Resources */ = {isa = PBXBuildFile; fileRef = 0490948B264E136E009E699A /* 암흑광선.mp3 */; };
		049094BD264E1370009E699A /* 선물상자.mp3 in Resources */ = {isa = PBXBuildFile; fileRef = 0490948C264E136E009E699A /* 선물상자.mp3 */; };
		049094BE264E1370009E699A /* 성수.mp3 in Resources */ = {isa = PBXBuildFile; fileRef = 0490948D264E136F009E699A /* 성수.mp3 */; };
		049094BF264E1370009E699A /* 악몽.mp3 in Resources */ = {isa = PBXBuildFile; fileRef = 0490948E264E136F009E699A /* 악몽.mp3 */; };
		049094C0264E1370009E699A /* 폭발의진.mp3 in Resources */ = {isa = PBXBuildFile; fileRef = 0490948F264E136F009E699A /* 폭발의진.mp3 */; };
		049094C1264E1370009E699A /* 0임시_천사의깃털.mp3 in Resources */ = {isa = PBXBuildFile; fileRef = 04909490264E136F009E699A /* 0임시_천사의깃털.mp3 */; };
		049094C2264E1370009E699A /* 헌납.mp3 in Resources */ = {isa = PBXBuildFile; fileRef = 04909491264E1370009E699A /* 헌납.mp3 */; };
		04931EE0272132010068A422 /* UIViewController + Extensions.swift in Sources */ = {isa = PBXBuildFile; fileRef = 04931EDF272132010068A422 /* UIViewController + Extensions.swift */; };
		04A79E7E25B6703B00754FDD /* GameViewController.swift in Sources */ = {isa = PBXBuildFile; fileRef = 04A79E7D25B6703B00754FDD /* GameViewController.swift */; };
		04BF55A8261D482100BFD44E /* MainViewController.swift in Sources */ = {isa = PBXBuildFile; fileRef = 04BF55A7261D482100BFD44E /* MainViewController.swift */; };
		04BF55B7261D510400BFD44E /* Card.swift in Sources */ = {isa = PBXBuildFile; fileRef = 04BF55B6261D510400BFD44E /* Card.swift */; };
		04BF55BF261D612F00BFD44E /* BanCardViewController.swift in Sources */ = {isa = PBXBuildFile; fileRef = 04BF55BE261D612F00BFD44E /* BanCardViewController.swift */; };
		04BF55C2261D618D00BFD44E /* TurnViewController.swift in Sources */ = {isa = PBXBuildFile; fileRef = 04BF55C1261D618D00BFD44E /* TurnViewController.swift */; };
		04D4A36A265F48FE00F202FC /* 암_샘플.gif in Resources */ = {isa = PBXBuildFile; fileRef = 04D4A364265F48FC00F202FC /* 암_샘플.gif */; };
		04D4A36B265F48FE00F202FC /* 불_샘플.gif in Resources */ = {isa = PBXBuildFile; fileRef = 04D4A365265F48FD00F202FC /* 불_샘플.gif */; };
		04D4A36C265F48FE00F202FC /* 물_샘플.gif in Resources */ = {isa = PBXBuildFile; fileRef = 04D4A366265F48FD00F202FC /* 물_샘플.gif */; };
		04D4A36D265F48FE00F202FC /* 성_회복.gif in Resources */ = {isa = PBXBuildFile; fileRef = 04D4A367265F48FD00F202FC /* 성_회복.gif */; };
		04D4A36E265F48FE00F202FC /* 번개_샘플.gif in Resources */ = {isa = PBXBuildFile; fileRef = 04D4A368265F48FD00F202FC /* 번개_샘플.gif */; };
		04D4A36F265F48FE00F202FC /* 무_샘플.gif in Resources */ = {isa = PBXBuildFile; fileRef = 04D4A369265F48FE00F202FC /* 무_샘플.gif */; };
		04D5DE3E264CBB55009C6DBC /* MagicParticle.sks in Resources */ = {isa = PBXBuildFile; fileRef = 04D5DE3D264CBB55009C6DBC /* MagicParticle.sks */; };
		04D5DE40264CBBE8009C6DBC /* TestViewController.swift in Sources */ = {isa = PBXBuildFile; fileRef = 04D5DE3F264CBBE8009C6DBC /* TestViewController.swift */; };
		04D5DE42264CC29D009C6DBC /* ShowCardViewController.swift in Sources */ = {isa = PBXBuildFile; fileRef = 04D5DE41264CC29D009C6DBC /* ShowCardViewController.swift */; };
		04D5DE44264CC977009C6DBC /* SparkParticle.sks in Resources */ = {isa = PBXBuildFile; fileRef = 04D5DE43264CC977009C6DBC /* SparkParticle.sks */; };
		04D5DE46264CC9A0009C6DBC /* FireParticle.sks in Resources */ = {isa = PBXBuildFile; fileRef = 04D5DE45264CC9A0009C6DBC /* FireParticle.sks */; };
		04D5DE48264CC9BC009C6DBC /* BokehParticle.sks in Resources */ = {isa = PBXBuildFile; fileRef = 04D5DE47264CC9BC009C6DBC /* BokehParticle.sks */; };
		04D5DE4A264CCDEE009C6DBC /* LightParticle.sks in Resources */ = {isa = PBXBuildFile; fileRef = 04D5DE49264CCDEE009C6DBC /* LightParticle.sks */; };
		04D5DE4D264CCE2A009C6DBC /* WaterParticle.sks in Resources */ = {isa = PBXBuildFile; fileRef = 04D5DE4B264CCE2A009C6DBC /* WaterParticle.sks */; };
		04D5DE4E264CCE2A009C6DBC /* Assets.xcassets in Resources */ = {isa = PBXBuildFile; fileRef = 04D5DE4C264CCE2A009C6DBC /* Assets.xcassets */; };
		04D5DE50264CCE71009C6DBC /* DarkParticle.sks in Resources */ = {isa = PBXBuildFile; fileRef = 04D5DE4F264CCE71009C6DBC /* DarkParticle.sks */; };
		04D9FF7E2627D5810096BA6E /* GoogleService-Info.plist in Resources */ = {isa = PBXBuildFile; fileRef = 04D9FF7D2627D5810096BA6E /* GoogleService-Info.plist */; };
		04D9FF8E2627E85B0096BA6E /* CardService.swift in Sources */ = {isa = PBXBuildFile; fileRef = 04D9FF8D2627E85B0096BA6E /* CardService.swift */; };
		04D9FF972628186F0096BA6E /* Constants.swift in Sources */ = {isa = PBXBuildFile; fileRef = 04D9FF962628186F0096BA6E /* Constants.swift */; };
		04E1E9E426563FC60034CFBC /* magic.gif in Resources */ = {isa = PBXBuildFile; fileRef = 04E1E9E326563FC60034CFBC /* magic.gif */; };
		04E1E9E6265642610034CFBC /* purple effect.gif in Resources */ = {isa = PBXBuildFile; fileRef = 04E1E9E5265642610034CFBC /* purple effect.gif */; };
		04E1E9E8265647970034CFBC /* 푸른_칼_섬광.gif in Resources */ = {isa = PBXBuildFile; fileRef = 04E1E9E7265647960034CFBC /* 푸른_칼_섬광.gif */; };
		04E55197263A7BD70082124A /* Pods_Magic_Fight.framework in Frameworks */ = {isa = PBXBuildFile; fileRef = 04A77C20ED6DD027540F20E8 /* Pods_Magic_Fight.framework */; };
		04F3963726452E1400795DB8 /* SettingViewController.swift in Sources */ = {isa = PBXBuildFile; fileRef = 04F3963626452E1400795DB8 /* SettingViewController.swift */; };
		04FFADA625B51FFF0045D75D /* AppDelegate.swift in Sources */ = {isa = PBXBuildFile; fileRef = 04FFADA525B51FFF0045D75D /* AppDelegate.swift */; };
		04FFADA825B51FFF0045D75D /* SceneDelegate.swift in Sources */ = {isa = PBXBuildFile; fileRef = 04FFADA725B51FFF0045D75D /* SceneDelegate.swift */; };
		04FFADAD25B51FFF0045D75D /* Main.storyboard in Resources */ = {isa = PBXBuildFile; fileRef = 04FFADAB25B51FFF0045D75D /* Main.storyboard */; };
		04FFADAF25B520000045D75D /* Assets.xcassets in Resources */ = {isa = PBXBuildFile; fileRef = 04FFADAE25B520000045D75D /* Assets.xcassets */; };
		04FFADB225B520000045D75D /* LaunchScreen.storyboard in Resources */ = {isa = PBXBuildFile; fileRef = 04FFADB025B520000045D75D /* LaunchScreen.storyboard */; };
/* End PBXBuildFile section */

/* Begin PBXFileReference section */
		04284D11261EA4B00081540E /* SupplierViewController.swift */ = {isa = PBXFileReference; lastKnownFileType = sourcecode.swift; path = SupplierViewController.swift; sourceTree = "<group>"; };
		04284D15261EA6090081540E /* SupplierCollectionViewCell.swift */ = {isa = PBXFileReference; lastKnownFileType = sourcecode.swift; path = SupplierCollectionViewCell.swift; sourceTree = "<group>"; };
		04284D19261EB1810081540E /* BigCardViewController.swift */ = {isa = PBXFileReference; lastKnownFileType = sourcecode.swift; path = BigCardViewController.swift; sourceTree = "<group>"; };
		0467E6A6260B45F900C1C416 /* DesignableSlider.swift */ = {isa = PBXFileReference; lastKnownFileType = sourcecode.swift; path = DesignableSlider.swift; sourceTree = "<group>"; };
		0485CDD52632801300BD0791 /* LoadingViewController.swift */ = {isa = PBXFileReference; lastKnownFileType = sourcecode.swift; path = LoadingViewController.swift; sourceTree = "<group>"; };
		0488828F2669FCB100C98A96 /* BGM.mp3 */ = {isa = PBXFileReference; lastKnownFileType = audio.mp3; path = BGM.mp3; sourceTree = "<group>"; };
		04909461264E1364009E699A /* 축전.mp3 */ = {isa = PBXFileReference; lastKnownFileType = audio.mp3; path = "축전.mp3"; sourceTree = "<group>"; };
		04909462264E1364009E699A /* 먹구름.mp3 */ = {isa = PBXFileReference; lastKnownFileType = audio.mp3; path = "먹구름.mp3"; sourceTree = "<group>"; };
		04909463264E1365009E699A /* 우리엘.mp3 */ = {isa = PBXFileReference; lastKnownFileType = audio.mp3; path = "우리엘.mp3"; sourceTree = "<group>"; };
		04909464264E1365009E699A /* 수증기응결.mp3 */ = {isa = PBXFileReference; lastKnownFileType = audio.mp3; path = "수증기응결.mp3"; sourceTree = "<group>"; };
		04909465264E1365009E699A /* 가마솥.mp3 */ = {isa = PBXFileReference; lastKnownFileType = audio.mp3; path = "가마솥.mp3"; sourceTree = "<group>"; };
		04909466264E1365009E699A /* 물대포.mp3 */ = {isa = PBXFileReference; lastKnownFileType = audio.mp3; path = "물대포.mp3"; sourceTree = "<group>"; };
		04909467264E1366009E699A /* 도둑.wav */ = {isa = PBXFileReference; lastKnownFileType = audio.wav; path = "도둑.wav"; sourceTree = "<group>"; };
		04909468264E1366009E699A /* 낙뢰.mp3 */ = {isa = PBXFileReference; lastKnownFileType = audio.mp3; path = "낙뢰.mp3"; sourceTree = "<group>"; };
		04909469264E1366009E699A /* 아스타로트.mp3 */ = {isa = PBXFileReference; lastKnownFileType = audio.mp3; path = "아스타로트.mp3"; sourceTree = "<group>"; };
		0490946A264E1366009E699A /* 릴림.mp3 */ = {isa = PBXFileReference; lastKnownFileType = audio.mp3; path = "릴림.mp3"; sourceTree = "<group>"; };
		0490946B264E1366009E699A /* 0임시_소환의진.mp3 */ = {isa = PBXFileReference; lastKnownFileType = audio.mp3; path = "0임시_소환의진.mp3"; sourceTree = "<group>"; };
		0490946C264E1367009E699A /* 신성한불꽃.mp3 */ = {isa = PBXFileReference; lastKnownFileType = audio.mp3; path = "신성한불꽃.mp3"; sourceTree = "<group>"; };
		0490946D264E1367009E699A /* 에너지재생.mp3 */ = {isa = PBXFileReference; lastKnownFileType = audio.mp3; path = "에너지재생.mp3"; sourceTree = "<group>"; };
		0490946E264E1367009E699A /* 금광.mp3 */ = {isa = PBXFileReference; lastKnownFileType = audio.mp3; path = "금광.mp3"; sourceTree = "<group>"; };
		0490946F264E1367009E699A /* 사기꾼.mp3 */ = {isa = PBXFileReference; lastKnownFileType = audio.mp3; path = "사기꾼.mp3"; sourceTree = "<group>"; };
		04909470264E1368009E699A /* 폭주.mp3 */ = {isa = PBXFileReference; lastKnownFileType = audio.mp3; path = "폭주.mp3"; sourceTree = "<group>"; };
		04909471264E1368009E699A /* 보석세공사.mp3 */ = {isa = PBXFileReference; lastKnownFileType = audio.mp3; path = "보석세공사.mp3"; sourceTree = "<group>"; };
		04909472264E1368009E699A /* 도깨비불.mp3 */ = {isa = PBXFileReference; lastKnownFileType = audio.mp3; path = "도깨비불.mp3"; sourceTree = "<group>"; };
		04909473264E1368009E699A /* 최면.mp3 */ = {isa = PBXFileReference; lastKnownFileType = audio.mp3; path = "최면.mp3"; sourceTree = "<group>"; };
		04909474264E1369009E699A /* 불잉걸.mp3 */ = {isa = PBXFileReference; lastKnownFileType = audio.mp3; path = "불잉걸.mp3"; sourceTree = "<group>"; };
		04909475264E1369009E699A /* 마나물약.mp3 */ = {isa = PBXFileReference; lastKnownFileType = audio.mp3; path = "마나물약.mp3"; sourceTree = "<group>"; };
		04909476264E1369009E699A /* 0임시_가브리엘.mp3 */ = {isa = PBXFileReference; lastKnownFileType = audio.mp3; path = "0임시_가브리엘.mp3"; sourceTree = "<group>"; };
		04909477264E1369009E699A /* 화염구.mp3 */ = {isa = PBXFileReference; lastKnownFileType = audio.mp3; path = "화염구.mp3"; sourceTree = "<group>"; };
		04909478264E136A009E699A /* 물의감옥.mp3 */ = {isa = PBXFileReference; lastKnownFileType = audio.mp3; path = "물의감옥.mp3"; sourceTree = "<group>"; };
		04909479264E136A009E699A /* 위조기술자.mp3 */ = {isa = PBXFileReference; lastKnownFileType = audio.mp3; path = "위조기술자.mp3"; sourceTree = "<group>"; };
		0490947A264E136A009E699A /* 마법지팡이.mp3 */ = {isa = PBXFileReference; lastKnownFileType = audio.mp3; path = "마법지팡이.mp3"; sourceTree = "<group>"; };
		0490947B264E136A009E699A /* 방전.mp3 */ = {isa = PBXFileReference; lastKnownFileType = audio.mp3; path = "방전.mp3"; sourceTree = "<group>"; };
		0490947C264E136A009E699A /* 사타나치아.mp3 */ = {isa = PBXFileReference; lastKnownFileType = audio.mp3; path = "사타나치아.mp3"; sourceTree = "<group>"; };
		0490947D264E136B009E699A /* 물의순환.mp3 */ = {isa = PBXFileReference; lastKnownFileType = audio.mp3; path = "물의순환.mp3"; sourceTree = "<group>"; };
		0490947E264E136B009E699A /* 불의순환.mp3 */ = {isa = PBXFileReference; lastKnownFileType = audio.mp3; path = "불의순환.mp3"; sourceTree = "<group>"; };
		0490947F264E136B009E699A /* 암시.mp3 */ = {isa = PBXFileReference; lastKnownFileType = audio.mp3; path = "암시.mp3"; sourceTree = "<group>"; };
		04909480264E136B009E699A /* 금지된 마법.mp3 */ = {isa = PBXFileReference; lastKnownFileType = audio.mp3; path = "금지된 마법.mp3"; sourceTree = "<group>"; };
		04909481264E136C009E699A /* 스파크.mp3 */ = {isa = PBXFileReference; lastKnownFileType = audio.mp3; path = "스파크.mp3"; sourceTree = "<group>"; };
		04909482264E136C009E699A /* 물벼락.mp3 */ = {isa = PBXFileReference; lastKnownFileType = audio.mp3; path = "물벼락.mp3"; sourceTree = "<group>"; };
		04909483264E136C009E699A /* 재충전.mp3 */ = {isa = PBXFileReference; lastKnownFileType = audio.mp3; path = "재충전.mp3"; sourceTree = "<group>"; };
		04909484264E136C009E699A /* 라파엘.mp3 */ = {isa = PBXFileReference; lastKnownFileType = audio.mp3; path = "라파엘.mp3"; sourceTree = "<group>"; };
		04909485264E136D009E699A /* 미카엘.mp3 */ = {isa = PBXFileReference; lastKnownFileType = audio.mp3; path = "미카엘.mp3"; sourceTree = "<group>"; };
		04909486264E136D009E699A /* 정신집중.mp3 */ = {isa = PBXFileReference; lastKnownFileType = audio.mp3; path = "정신집중.mp3"; sourceTree = "<group>"; };
		04909487264E136D009E699A /* 수혈.mp3 */ = {isa = PBXFileReference; lastKnownFileType = audio.mp3; path = "수혈.mp3"; sourceTree = "<group>"; };
		04909488264E136D009E699A /* 0임시_기도.mp3 */ = {isa = PBXFileReference; lastKnownFileType = audio.mp3; path = "0임시_기도.mp3"; sourceTree = "<group>"; };
		04909489264E136E009E699A /* 서큐버스.mp3 */ = {isa = PBXFileReference; lastKnownFileType = audio.mp3; path = "서큐버스.mp3"; sourceTree = "<group>"; };
		0490948A264E136E009E699A /* 초급마법서.mp3 */ = {isa = PBXFileReference; lastKnownFileType = audio.mp3; path = "초급마법서.mp3"; sourceTree = "<group>"; };
		0490948B264E136E009E699A /* 암흑광선.mp3 */ = {isa = PBXFileReference; lastKnownFileType = audio.mp3; path = "암흑광선.mp3"; sourceTree = "<group>"; };
		0490948C264E136E009E699A /* 선물상자.mp3 */ = {isa = PBXFileReference; lastKnownFileType = audio.mp3; path = "선물상자.mp3"; sourceTree = "<group>"; };
		0490948D264E136F009E699A /* 성수.mp3 */ = {isa = PBXFileReference; lastKnownFileType = audio.mp3; path = "성수.mp3"; sourceTree = "<group>"; };
		0490948E264E136F009E699A /* 악몽.mp3 */ = {isa = PBXFileReference; lastKnownFileType = audio.mp3; path = "악몽.mp3"; sourceTree = "<group>"; };
		0490948F264E136F009E699A /* 폭발의진.mp3 */ = {isa = PBXFileReference; lastKnownFileType = audio.mp3; path = "폭발의진.mp3"; sourceTree = "<group>"; };
		04909490264E136F009E699A /* 0임시_천사의깃털.mp3 */ = {isa = PBXFileReference; lastKnownFileType = audio.mp3; path = "0임시_천사의깃털.mp3"; sourceTree = "<group>"; };
		04909491264E1370009E699A /* 헌납.mp3 */ = {isa = PBXFileReference; lastKnownFileType = audio.mp3; path = "헌납.mp3"; sourceTree = "<group>"; };
		04931EDF272132010068A422 /* UIViewController + Extensions.swift */ = {isa = PBXFileReference; lastKnownFileType = sourcecode.swift; path = "UIViewController + Extensions.swift"; sourceTree = "<group>"; };
		04A77C20ED6DD027540F20E8 /* Pods_Magic_Fight.framework */ = {isa = PBXFileReference; explicitFileType = wrapper.framework; includeInIndex = 0; path = Pods_Magic_Fight.framework; sourceTree = BUILT_PRODUCTS_DIR; };
		04A79E7D25B6703B00754FDD /* GameViewController.swift */ = {isa = PBXFileReference; lastKnownFileType = sourcecode.swift; path = GameViewController.swift; sourceTree = "<group>"; };
		04BF55A7261D482100BFD44E /* MainViewController.swift */ = {isa = PBXFileReference; lastKnownFileType = sourcecode.swift; path = MainViewController.swift; sourceTree = "<group>"; };
		04BF55B6261D510400BFD44E /* Card.swift */ = {isa = PBXFileReference; lastKnownFileType = sourcecode.swift; path = Card.swift; sourceTree = "<group>"; };
		04BF55BE261D612F00BFD44E /* BanCardViewController.swift */ = {isa = PBXFileReference; lastKnownFileType = sourcecode.swift; path = BanCardViewController.swift; sourceTree = "<group>"; };
		04BF55C1261D618D00BFD44E /* TurnViewController.swift */ = {isa = PBXFileReference; lastKnownFileType = sourcecode.swift; path = TurnViewController.swift; sourceTree = "<group>"; };
		04D4A364265F48FC00F202FC /* 암_샘플.gif */ = {isa = PBXFileReference; lastKnownFileType = image.gif; path = "암_샘플.gif"; sourceTree = "<group>"; };
		04D4A365265F48FD00F202FC /* 불_샘플.gif */ = {isa = PBXFileReference; lastKnownFileType = image.gif; path = "불_샘플.gif"; sourceTree = "<group>"; };
		04D4A366265F48FD00F202FC /* 물_샘플.gif */ = {isa = PBXFileReference; lastKnownFileType = image.gif; path = "물_샘플.gif"; sourceTree = "<group>"; };
		04D4A367265F48FD00F202FC /* 성_회복.gif */ = {isa = PBXFileReference; lastKnownFileType = image.gif; path = "성_회복.gif"; sourceTree = "<group>"; };
		04D4A368265F48FD00F202FC /* 번개_샘플.gif */ = {isa = PBXFileReference; lastKnownFileType = image.gif; path = "번개_샘플.gif"; sourceTree = "<group>"; };
		04D4A369265F48FE00F202FC /* 무_샘플.gif */ = {isa = PBXFileReference; lastKnownFileType = image.gif; path = "무_샘플.gif"; sourceTree = "<group>"; };
		04D5DE3D264CBB55009C6DBC /* MagicParticle.sks */ = {isa = PBXFileReference; lastKnownFileType = file.sks; path = MagicParticle.sks; sourceTree = "<group>"; };
		04D5DE3F264CBBE8009C6DBC /* TestViewController.swift */ = {isa = PBXFileReference; lastKnownFileType = sourcecode.swift; path = TestViewController.swift; sourceTree = "<group>"; };
		04D5DE41264CC29D009C6DBC /* ShowCardViewController.swift */ = {isa = PBXFileReference; lastKnownFileType = sourcecode.swift; path = ShowCardViewController.swift; sourceTree = "<group>"; };
		04D5DE43264CC977009C6DBC /* SparkParticle.sks */ = {isa = PBXFileReference; lastKnownFileType = file.sks; path = SparkParticle.sks; sourceTree = "<group>"; };
		04D5DE45264CC9A0009C6DBC /* FireParticle.sks */ = {isa = PBXFileReference; lastKnownFileType = file.sks; path = FireParticle.sks; sourceTree = "<group>"; };
		04D5DE47264CC9BC009C6DBC /* BokehParticle.sks */ = {isa = PBXFileReference; lastKnownFileType = file.sks; path = BokehParticle.sks; sourceTree = "<group>"; };
		04D5DE49264CCDEE009C6DBC /* LightParticle.sks */ = {isa = PBXFileReference; lastKnownFileType = file.sks; path = LightParticle.sks; sourceTree = "<group>"; };
		04D5DE4B264CCE2A009C6DBC /* WaterParticle.sks */ = {isa = PBXFileReference; lastKnownFileType = file.sks; path = WaterParticle.sks; sourceTree = "<group>"; };
		04D5DE4C264CCE2A009C6DBC /* Assets.xcassets */ = {isa = PBXFileReference; lastKnownFileType = folder.assetcatalog; path = Assets.xcassets; sourceTree = "<group>"; };
		04D5DE4F264CCE71009C6DBC /* DarkParticle.sks */ = {isa = PBXFileReference; lastKnownFileType = file.sks; path = DarkParticle.sks; sourceTree = "<group>"; };
		04D9FF7D2627D5810096BA6E /* GoogleService-Info.plist */ = {isa = PBXFileReference; lastKnownFileType = text.plist.xml; path = "GoogleService-Info.plist"; sourceTree = SOURCE_ROOT; };
		04D9FF8D2627E85B0096BA6E /* CardService.swift */ = {isa = PBXFileReference; lastKnownFileType = sourcecode.swift; path = CardService.swift; sourceTree = "<group>"; };
		04D9FF962628186F0096BA6E /* Constants.swift */ = {isa = PBXFileReference; lastKnownFileType = sourcecode.swift; path = Constants.swift; sourceTree = "<group>"; };
		04E1E9E326563FC60034CFBC /* magic.gif */ = {isa = PBXFileReference; lastKnownFileType = image.gif; path = magic.gif; sourceTree = "<group>"; };
		04E1E9E5265642610034CFBC /* purple effect.gif */ = {isa = PBXFileReference; lastKnownFileType = image.gif; path = "purple effect.gif"; sourceTree = "<group>"; };
		04E1E9E7265647960034CFBC /* 푸른_칼_섬광.gif */ = {isa = PBXFileReference; lastKnownFileType = image.gif; path = "푸른_칼_섬광.gif"; sourceTree = "<group>"; };
		04F3963626452E1400795DB8 /* SettingViewController.swift */ = {isa = PBXFileReference; lastKnownFileType = sourcecode.swift; path = SettingViewController.swift; sourceTree = "<group>"; };
		04FFADA225B51FFF0045D75D /* Magic Fight.app */ = {isa = PBXFileReference; explicitFileType = wrapper.application; includeInIndex = 0; path = "Magic Fight.app"; sourceTree = BUILT_PRODUCTS_DIR; };
		04FFADA525B51FFF0045D75D /* AppDelegate.swift */ = {isa = PBXFileReference; lastKnownFileType = sourcecode.swift; path = AppDelegate.swift; sourceTree = "<group>"; };
		04FFADA725B51FFF0045D75D /* SceneDelegate.swift */ = {isa = PBXFileReference; lastKnownFileType = sourcecode.swift; path = SceneDelegate.swift; sourceTree = "<group>"; };
		04FFADAC25B51FFF0045D75D /* Base */ = {isa = PBXFileReference; lastKnownFileType = file.storyboard; name = Base; path = Base.lproj/Main.storyboard; sourceTree = "<group>"; };
		04FFADAE25B520000045D75D /* Assets.xcassets */ = {isa = PBXFileReference; lastKnownFileType = folder.assetcatalog; path = Assets.xcassets; sourceTree = "<group>"; };
		04FFADB125B520000045D75D /* Base */ = {isa = PBXFileReference; lastKnownFileType = file.storyboard; name = Base; path = Base.lproj/LaunchScreen.storyboard; sourceTree = "<group>"; };
		04FFADB325B520000045D75D /* Info.plist */ = {isa = PBXFileReference; lastKnownFileType = text.plist.xml; path = Info.plist; sourceTree = "<group>"; };
		0703220846A658E6E2C8DB96 /* Pods-Magic Fight.debug.xcconfig */ = {isa = PBXFileReference; includeInIndex = 1; lastKnownFileType = text.xcconfig; name = "Pods-Magic Fight.debug.xcconfig"; path = "Target Support Files/Pods-Magic Fight/Pods-Magic Fight.debug.xcconfig"; sourceTree = "<group>"; };
		C0DF17724F8F41FE5D198B28 /* Pods-Magic Fight.release.xcconfig */ = {isa = PBXFileReference; includeInIndex = 1; lastKnownFileType = text.xcconfig; name = "Pods-Magic Fight.release.xcconfig"; path = "Target Support Files/Pods-Magic Fight/Pods-Magic Fight.release.xcconfig"; sourceTree = "<group>"; };
/* End PBXFileReference section */

/* Begin PBXFrameworksBuildPhase section */
		04FFAD9F25B51FFF0045D75D /* Frameworks */ = {
			isa = PBXFrameworksBuildPhase;
			buildActionMask = 2147483647;
			files = (
				04E55197263A7BD70082124A /* Pods_Magic_Fight.framework in Frameworks */,
			);
			runOnlyForDeploymentPostprocessing = 0;
		};
/* End PBXFrameworksBuildPhase section */

/* Begin PBXGroup section */
		04284D14261EA5F50081540E /* View */ = {
			isa = PBXGroup;
			children = (
				04284D15261EA6090081540E /* SupplierCollectionViewCell.swift */,
			);
			path = View;
			sourceTree = "<group>";
		};
		04909460264E1357009E699A /* Sound */ = {
			isa = PBXGroup;
			children = (
				04909476264E1369009E699A /* 0임시_가브리엘.mp3 */,
				04909488264E136D009E699A /* 0임시_기도.mp3 */,
				0490946B264E1366009E699A /* 0임시_소환의진.mp3 */,
				04909490264E136F009E699A /* 0임시_천사의깃털.mp3 */,
				04909465264E1365009E699A /* 가마솥.mp3 */,
				0490946E264E1367009E699A /* 금광.mp3 */,
				04909480264E136B009E699A /* 금지된 마법.mp3 */,
				04909468264E1366009E699A /* 낙뢰.mp3 */,
				04909472264E1368009E699A /* 도깨비불.mp3 */,
				04909467264E1366009E699A /* 도둑.wav */,
				04909484264E136C009E699A /* 라파엘.mp3 */,
				0490946A264E1366009E699A /* 릴림.mp3 */,
				04909475264E1369009E699A /* 마나물약.mp3 */,
				0490947A264E136A009E699A /* 마법지팡이.mp3 */,
				04909462264E1364009E699A /* 먹구름.mp3 */,
				04909466264E1365009E699A /* 물대포.mp3 */,
				04909482264E136C009E699A /* 물벼락.mp3 */,
				04909478264E136A009E699A /* 물의감옥.mp3 */,
				0490947D264E136B009E699A /* 물의순환.mp3 */,
				04909485264E136D009E699A /* 미카엘.mp3 */,
				0490947B264E136A009E699A /* 방전.mp3 */,
				04909471264E1368009E699A /* 보석세공사.mp3 */,
				0490947E264E136B009E699A /* 불의순환.mp3 */,
				04909474264E1369009E699A /* 불잉걸.mp3 */,
				0490946F264E1367009E699A /* 사기꾼.mp3 */,
				0490947C264E136A009E699A /* 사타나치아.mp3 */,
				04909489264E136E009E699A /* 서큐버스.mp3 */,
				0490948C264E136E009E699A /* 선물상자.mp3 */,
				0490948D264E136F009E699A /* 성수.mp3 */,
				04909464264E1365009E699A /* 수증기응결.mp3 */,
				04909487264E136D009E699A /* 수혈.mp3 */,
				04909481264E136C009E699A /* 스파크.mp3 */,
				0490946C264E1367009E699A /* 신성한불꽃.mp3 */,
				04909469264E1366009E699A /* 아스타로트.mp3 */,
				0490948E264E136F009E699A /* 악몽.mp3 */,
				0490947F264E136B009E699A /* 암시.mp3 */,
				0490948B264E136E009E699A /* 암흑광선.mp3 */,
				0490946D264E1367009E699A /* 에너지재생.mp3 */,
				04909463264E1365009E699A /* 우리엘.mp3 */,
				04909479264E136A009E699A /* 위조기술자.mp3 */,
				04909483264E136C009E699A /* 재충전.mp3 */,
				04909486264E136D009E699A /* 정신집중.mp3 */,
				0490948A264E136E009E699A /* 초급마법서.mp3 */,
				04909473264E1368009E699A /* 최면.mp3 */,
				04909461264E1364009E699A /* 축전.mp3 */,
				0490948F264E136F009E699A /* 폭발의진.mp3 */,
				04909470264E1368009E699A /* 폭주.mp3 */,
				04909491264E1370009E699A /* 헌납.mp3 */,
				04909477264E1369009E699A /* 화염구.mp3 */,
				0488828F2669FCB100C98A96 /* BGM.mp3 */,
			);
			path = Sound;
			sourceTree = "<group>";
		};
		04931EDE272131EB0068A422 /* Utils */ = {
			isa = PBXGroup;
			children = (
				04931EDF272132010068A422 /* UIViewController + Extensions.swift */,
			);
			path = Utils;
			sourceTree = "<group>";
		};
		04BF55A4261D47CF00BFD44E /* Controller */ = {
			isa = PBXGroup;
			children = (
				04BF55A7261D482100BFD44E /* MainViewController.swift */,
				04A79E7D25B6703B00754FDD /* GameViewController.swift */,
				04BF55BE261D612F00BFD44E /* BanCardViewController.swift */,
				04BF55C1261D618D00BFD44E /* TurnViewController.swift */,
				04284D11261EA4B00081540E /* SupplierViewController.swift */,
				04284D19261EB1810081540E /* BigCardViewController.swift */,
				0485CDD52632801300BD0791 /* LoadingViewController.swift */,
				04F3963626452E1400795DB8 /* SettingViewController.swift */,
				04D5DE3F264CBBE8009C6DBC /* TestViewController.swift */,
				04D5DE41264CC29D009C6DBC /* ShowCardViewController.swift */,
			);
			path = Controller;
			sourceTree = "<group>";
		};
		04BF55B5261D50FA00BFD44E /* Model */ = {
			isa = PBXGroup;
			children = (
				04BF55B6261D510400BFD44E /* Card.swift */,
			);
			path = Model;
			sourceTree = "<group>";
		};
		04D4A363265F48B400F202FC /* AnimationFile */ = {
			isa = PBXGroup;
			children = (
				04E1E9E7265647960034CFBC /* 푸른_칼_섬광.gif */,
				04D5DE3D264CBB55009C6DBC /* MagicParticle.sks */,
				04D5DE43264CC977009C6DBC /* SparkParticle.sks */,
				04D5DE45264CC9A0009C6DBC /* FireParticle.sks */,
				04D5DE47264CC9BC009C6DBC /* BokehParticle.sks */,
				04D5DE49264CCDEE009C6DBC /* LightParticle.sks */,
				04D5DE4B264CCE2A009C6DBC /* WaterParticle.sks */,
				04D4A369265F48FE00F202FC /* 무_샘플.gif */,
				04D4A366265F48FD00F202FC /* 물_샘플.gif */,
				04D4A368265F48FD00F202FC /* 번개_샘플.gif */,
				04D4A365265F48FD00F202FC /* 불_샘플.gif */,
				04D4A367265F48FD00F202FC /* 성_회복.gif */,
				04D4A364265F48FC00F202FC /* 암_샘플.gif */,
				04D5DE4F264CCE71009C6DBC /* DarkParticle.sks */,
				04E1E9E326563FC60034CFBC /* magic.gif */,
				04E1E9E5265642610034CFBC /* purple effect.gif */,
			);
			path = AnimationFile;
			sourceTree = "<group>";
		};
		04D9FF8C2627E8430096BA6E /* Service */ = {
			isa = PBXGroup;
			children = (
				04D9FF8D2627E85B0096BA6E /* CardService.swift */,
			);
			path = Service;
			sourceTree = "<group>";
		};
		04FFAD9925B51FFF0045D75D = {
			isa = PBXGroup;
			children = (
				04D5DE4C264CCE2A009C6DBC /* Assets.xcassets */,
				04FFADA425B51FFF0045D75D /* Magic Fight */,
				04FFADA325B51FFF0045D75D /* Products */,
				BFDFA58A37DA155256DE8714 /* Pods */,
				2C68201774D47898912813C0 /* Frameworks */,
			);
			sourceTree = "<group>";
		};
		04FFADA325B51FFF0045D75D /* Products */ = {
			isa = PBXGroup;
			children = (
				04FFADA225B51FFF0045D75D /* Magic Fight.app */,
			);
			name = Products;
			sourceTree = "<group>";
		};
		04FFADA425B51FFF0045D75D /* Magic Fight */ = {
			isa = PBXGroup;
			children = (
				04D4A363265F48B400F202FC /* AnimationFile */,
				04909460264E1357009E699A /* Sound */,
				04D9FF8C2627E8430096BA6E /* Service */,
				04284D14261EA5F50081540E /* View */,
				04BF55B5261D50FA00BFD44E /* Model */,
				04BF55A4261D47CF00BFD44E /* Controller */,
				04931EDE272131EB0068A422 /* Utils */,
				04FFADA525B51FFF0045D75D /* AppDelegate.swift */,
				04FFADA725B51FFF0045D75D /* SceneDelegate.swift */,
				04FFADAB25B51FFF0045D75D /* Main.storyboard */,
				04FFADAE25B520000045D75D /* Assets.xcassets */,
				04FFADB025B520000045D75D /* LaunchScreen.storyboard */,
				04FFADB325B520000045D75D /* Info.plist */,
				0467E6A6260B45F900C1C416 /* DesignableSlider.swift */,
				04D9FF7D2627D5810096BA6E /* GoogleService-Info.plist */,
				04D9FF962628186F0096BA6E /* Constants.swift */,
			);
			path = "Magic Fight";
			sourceTree = "<group>";
		};
		2C68201774D47898912813C0 /* Frameworks */ = {
			isa = PBXGroup;
			children = (
				04A77C20ED6DD027540F20E8 /* Pods_Magic_Fight.framework */,
			);
			name = Frameworks;
			sourceTree = "<group>";
		};
		BFDFA58A37DA155256DE8714 /* Pods */ = {
			isa = PBXGroup;
			children = (
				0703220846A658E6E2C8DB96 /* Pods-Magic Fight.debug.xcconfig */,
				C0DF17724F8F41FE5D198B28 /* Pods-Magic Fight.release.xcconfig */,
			);
			path = Pods;
			sourceTree = "<group>";
		};
/* End PBXGroup section */

/* Begin PBXNativeTarget section */
		04FFADA125B51FFF0045D75D /* Magic Fight */ = {
			isa = PBXNativeTarget;
			buildConfigurationList = 04FFADB625B520000045D75D /* Build configuration list for PBXNativeTarget "Magic Fight" */;
			buildPhases = (
				F49732F2EA6C8371D8D56AE8 /* [CP] Check Pods Manifest.lock */,
				04FFAD9E25B51FFF0045D75D /* Sources */,
				04FFAD9F25B51FFF0045D75D /* Frameworks */,
				04FFADA025B51FFF0045D75D /* Resources */,
				80F2A10748320C48C6023885 /* [CP] Embed Pods Frameworks */,
			);
			buildRules = (
			);
			dependencies = (
			);
			name = "Magic Fight";
			productName = "Magic Fight";
			productReference = 04FFADA225B51FFF0045D75D /* Magic Fight.app */;
			productType = "com.apple.product-type.application";
		};
/* End PBXNativeTarget section */

/* Begin PBXProject section */
		04FFAD9A25B51FFF0045D75D /* Project object */ = {
			isa = PBXProject;
			attributes = {
				LastSwiftUpdateCheck = 1230;
				LastUpgradeCheck = 1230;
				TargetAttributes = {
					04FFADA125B51FFF0045D75D = {
						CreatedOnToolsVersion = 12.3;
					};
				};
			};
			buildConfigurationList = 04FFAD9D25B51FFF0045D75D /* Build configuration list for PBXProject "Magic Fight" */;
			compatibilityVersion = "Xcode 9.3";
			developmentRegion = en;
			hasScannedForEncodings = 0;
			knownRegions = (
				en,
				Base,
			);
			mainGroup = 04FFAD9925B51FFF0045D75D;
			productRefGroup = 04FFADA325B51FFF0045D75D /* Products */;
			projectDirPath = "";
			projectRoot = "";
			targets = (
				04FFADA125B51FFF0045D75D /* Magic Fight */,
			);
		};
/* End PBXProject section */

/* Begin PBXResourcesBuildPhase section */
		04FFADA025B51FFF0045D75D /* Resources */ = {
			isa = PBXResourcesBuildPhase;
			buildActionMask = 2147483647;
			files = (
				049094C1264E1370009E699A /* 0임시_천사의깃털.mp3 in Resources */,
				0490949E264E1370009E699A /* 에너지재생.mp3 in Resources */,
				04E1E9E8265647970034CFBC /* 푸른_칼_섬광.gif in Resources */,
				04909498264E1370009E699A /* 도둑.wav in Resources */,
				04FFADB225B520000045D75D /* LaunchScreen.storyboard in Resources */,
				049094BC264E1370009E699A /* 암흑광선.mp3 in Resources */,
				049094C2264E1370009E699A /* 헌납.mp3 in Resources */,
				049094B3264E1370009E699A /* 물벼락.mp3 in Resources */,
				04D4A36D265F48FE00F202FC /* 성_회복.gif in Resources */,
				049094A1264E1370009E699A /* 폭주.mp3 in Resources */,
				049094A3264E1370009E699A /* 도깨비불.mp3 in Resources */,
				049094A2264E1370009E699A /* 보석세공사.mp3 in Resources */,
				049094BB264E1370009E699A /* 초급마법서.mp3 in Resources */,
				049094B8264E1370009E699A /* 수혈.mp3 in Resources */,
				04D5DE50264CCE71009C6DBC /* DarkParticle.sks in Resources */,
				049094AC264E1370009E699A /* 방전.mp3 in Resources */,
				04D5DE46264CC9A0009C6DBC /* FireParticle.sks in Resources */,
				049094AD264E1370009E699A /* 사타나치아.mp3 in Resources */,
				048882902669FCB100C98A96 /* BGM.mp3 in Resources */,
				049094A6264E1370009E699A /* 마나물약.mp3 in Resources */,
				049094BF264E1370009E699A /* 악몽.mp3 in Resources */,
				04D5DE4E264CCE2A009C6DBC /* Assets.xcassets in Resources */,
				04D5DE44264CC977009C6DBC /* SparkParticle.sks in Resources */,
				049094A9264E1370009E699A /* 물의감옥.mp3 in Resources */,
				04909494264E1370009E699A /* 우리엘.mp3 in Resources */,
				04D4A36C265F48FE00F202FC /* 물_샘플.gif in Resources */,
				0490949F264E1370009E699A /* 금광.mp3 in Resources */,
				049094B9264E1370009E699A /* 0임시_기도.mp3 in Resources */,
				049094B5264E1370009E699A /* 라파엘.mp3 in Resources */,
				049094BE264E1370009E699A /* 성수.mp3 in Resources */,
				0490949A264E1370009E699A /* 아스타로트.mp3 in Resources */,
				04909495264E1370009E699A /* 수증기응결.mp3 in Resources */,
				04D4A36F265F48FE00F202FC /* 무_샘플.gif in Resources */,
				049094AE264E1370009E699A /* 물의순환.mp3 in Resources */,
				04FFADAF25B520000045D75D /* Assets.xcassets in Resources */,
				04E1E9E426563FC60034CFBC /* magic.gif in Resources */,
				04D4A36B265F48FE00F202FC /* 불_샘플.gif in Resources */,
				0490949B264E1370009E699A /* 릴림.mp3 in Resources */,
				04D5DE3E264CBB55009C6DBC /* MagicParticle.sks in Resources */,
				049094BD264E1370009E699A /* 선물상자.mp3 in Resources */,
				04D5DE48264CC9BC009C6DBC /* BokehParticle.sks in Resources */,
				04909493264E1370009E699A /* 먹구름.mp3 in Resources */,
				049094B6264E1370009E699A /* 미카엘.mp3 in Resources */,
				04D9FF7E2627D5810096BA6E /* GoogleService-Info.plist in Resources */,
				049094A4264E1370009E699A /* 최면.mp3 in Resources */,
				04D5DE4D264CCE2A009C6DBC /* WaterParticle.sks in Resources */,
				04E1E9E6265642610034CFBC /* purple effect.gif in Resources */,
				04909497264E1370009E699A /* 물대포.mp3 in Resources */,
				0490949C264E1370009E699A /* 0임시_소환의진.mp3 in Resources */,
				049094BA264E1370009E699A /* 서큐버스.mp3 in Resources */,
				04909492264E1370009E699A /* 축전.mp3 in Resources */,
				049094B2264E1370009E699A /* 스파크.mp3 in Resources */,
				04D5DE4A264CCDEE009C6DBC /* LightParticle.sks in Resources */,
				049094B4264E1370009E699A /* 재충전.mp3 in Resources */,
				049094A7264E1370009E699A /* 0임시_가브리엘.mp3 in Resources */,
				04FFADAD25B51FFF0045D75D /* Main.storyboard in Resources */,
				049094AB264E1370009E699A /* 마법지팡이.mp3 in Resources */,
				049094C0264E1370009E699A /* 폭발의진.mp3 in Resources */,
				049094B0264E1370009E699A /* 암시.mp3 in Resources */,
				04D4A36E265F48FE00F202FC /* 번개_샘플.gif in Resources */,
				049094A8264E1370009E699A /* 화염구.mp3 in Resources */,
				049094B7264E1370009E699A /* 정신집중.mp3 in Resources */,
				049094AF264E1370009E699A /* 불의순환.mp3 in Resources */,
				04909496264E1370009E699A /* 가마솥.mp3 in Resources */,
				049094A0264E1370009E699A /* 사기꾼.mp3 in Resources */,
				0490949D264E1370009E699A /* 신성한불꽃.mp3 in Resources */,
				049094B1264E1370009E699A /* 금지된 마법.mp3 in Resources */,
				049094AA264E1370009E699A /* 위조기술자.mp3 in Resources */,
				04909499264E1370009E699A /* 낙뢰.mp3 in Resources */,
				049094A5264E1370009E699A /* 불잉걸.mp3 in Resources */,
				04D4A36A265F48FE00F202FC /* 암_샘플.gif in Resources */,
			);
			runOnlyForDeploymentPostprocessing = 0;
		};
/* End PBXResourcesBuildPhase section */

/* Begin PBXShellScriptBuildPhase section */
		80F2A10748320C48C6023885 /* [CP] Embed Pods Frameworks */ = {
			isa = PBXShellScriptBuildPhase;
			buildActionMask = 2147483647;
			files = (
			);
			inputFileListPaths = (
				"${PODS_ROOT}/Target Support Files/Pods-Magic Fight/Pods-Magic Fight-frameworks-${CONFIGURATION}-input-files.xcfilelist",
			);
			name = "[CP] Embed Pods Frameworks";
			outputFileListPaths = (
				"${PODS_ROOT}/Target Support Files/Pods-Magic Fight/Pods-Magic Fight-frameworks-${CONFIGURATION}-output-files.xcfilelist",
			);
			runOnlyForDeploymentPostprocessing = 0;
			shellPath = /bin/sh;
			shellScript = "\"${PODS_ROOT}/Target Support Files/Pods-Magic Fight/Pods-Magic Fight-frameworks.sh\"\n";
			showEnvVarsInLog = 0;
		};
		F49732F2EA6C8371D8D56AE8 /* [CP] Check Pods Manifest.lock */ = {
			isa = PBXShellScriptBuildPhase;
			buildActionMask = 2147483647;
			files = (
			);
			inputFileListPaths = (
			);
			inputPaths = (
				"${PODS_PODFILE_DIR_PATH}/Podfile.lock",
				"${PODS_ROOT}/Manifest.lock",
			);
			name = "[CP] Check Pods Manifest.lock";
			outputFileListPaths = (
			);
			outputPaths = (
				"$(DERIVED_FILE_DIR)/Pods-Magic Fight-checkManifestLockResult.txt",
			);
			runOnlyForDeploymentPostprocessing = 0;
			shellPath = /bin/sh;
			shellScript = "diff \"${PODS_PODFILE_DIR_PATH}/Podfile.lock\" \"${PODS_ROOT}/Manifest.lock\" > /dev/null\nif [ $? != 0 ] ; then\n    # print error to STDERR\n    echo \"error: The sandbox is not in sync with the Podfile.lock. Run 'pod install' or update your CocoaPods installation.\" >&2\n    exit 1\nfi\n# This output is used by Xcode 'outputs' to avoid re-running this script phase.\necho \"SUCCESS\" > \"${SCRIPT_OUTPUT_FILE_0}\"\n";
			showEnvVarsInLog = 0;
		};
/* End PBXShellScriptBuildPhase section */

/* Begin PBXSourcesBuildPhase section */
		04FFAD9E25B51FFF0045D75D /* Sources */ = {
			isa = PBXSourcesBuildPhase;
			buildActionMask = 2147483647;
			files = (
				04BF55BF261D612F00BFD44E /* BanCardViewController.swift in Sources */,
				04D9FF8E2627E85B0096BA6E /* CardService.swift in Sources */,
				04D5DE42264CC29D009C6DBC /* ShowCardViewController.swift in Sources */,
				04D5DE40264CBBE8009C6DBC /* TestViewController.swift in Sources */,
				04A79E7E25B6703B00754FDD /* GameViewController.swift in Sources */,
				04BF55B7261D510400BFD44E /* Card.swift in Sources */,
				04FFADA625B51FFF0045D75D /* AppDelegate.swift in Sources */,
				04F3963726452E1400795DB8 /* SettingViewController.swift in Sources */,
				04D9FF972628186F0096BA6E /* Constants.swift in Sources */,
				0467E6A7260B45F900C1C416 /* DesignableSlider.swift in Sources */,
				04931EE0272132010068A422 /* UIViewController + Extensions.swift in Sources */,
				0485CDD62632801300BD0791 /* LoadingViewController.swift in Sources */,
				04FFADA825B51FFF0045D75D /* SceneDelegate.swift in Sources */,
				04BF55C2261D618D00BFD44E /* TurnViewController.swift in Sources */,
				04284D16261EA6090081540E /* SupplierCollectionViewCell.swift in Sources */,
				04284D1A261EB1810081540E /* BigCardViewController.swift in Sources */,
				04BF55A8261D482100BFD44E /* MainViewController.swift in Sources */,
				04284D12261EA4B00081540E /* SupplierViewController.swift in Sources */,
			);
			runOnlyForDeploymentPostprocessing = 0;
		};
/* End PBXSourcesBuildPhase section */

/* Begin PBXVariantGroup section */
		04FFADAB25B51FFF0045D75D /* Main.storyboard */ = {
			isa = PBXVariantGroup;
			children = (
				04FFADAC25B51FFF0045D75D /* Base */,
			);
			name = Main.storyboard;
			sourceTree = "<group>";
		};
		04FFADB025B520000045D75D /* LaunchScreen.storyboard */ = {
			isa = PBXVariantGroup;
			children = (
				04FFADB125B520000045D75D /* Base */,
			);
			name = LaunchScreen.storyboard;
			sourceTree = "<group>";
		};
/* End PBXVariantGroup section */

/* Begin XCBuildConfiguration section */
		04FFADB425B520000045D75D /* Debug */ = {
			isa = XCBuildConfiguration;
			buildSettings = {
				ALWAYS_SEARCH_USER_PATHS = NO;
				CLANG_ANALYZER_NONNULL = YES;
				CLANG_ANALYZER_NUMBER_OBJECT_CONVERSION = YES_AGGRESSIVE;
				CLANG_CXX_LANGUAGE_STANDARD = "gnu++14";
				CLANG_CXX_LIBRARY = "libc++";
				CLANG_ENABLE_MODULES = YES;
				CLANG_ENABLE_OBJC_ARC = YES;
				CLANG_ENABLE_OBJC_WEAK = YES;
				CLANG_WARN_BLOCK_CAPTURE_AUTORELEASING = YES;
				CLANG_WARN_BOOL_CONVERSION = YES;
				CLANG_WARN_COMMA = YES;
				CLANG_WARN_CONSTANT_CONVERSION = YES;
				CLANG_WARN_DEPRECATED_OBJC_IMPLEMENTATIONS = YES;
				CLANG_WARN_DIRECT_OBJC_ISA_USAGE = YES_ERROR;
				CLANG_WARN_DOCUMENTATION_COMMENTS = YES;
				CLANG_WARN_EMPTY_BODY = YES;
				CLANG_WARN_ENUM_CONVERSION = YES;
				CLANG_WARN_INFINITE_RECURSION = YES;
				CLANG_WARN_INT_CONVERSION = YES;
				CLANG_WARN_NON_LITERAL_NULL_CONVERSION = YES;
				CLANG_WARN_OBJC_IMPLICIT_RETAIN_SELF = YES;
				CLANG_WARN_OBJC_LITERAL_CONVERSION = YES;
				CLANG_WARN_OBJC_ROOT_CLASS = YES_ERROR;
				CLANG_WARN_QUOTED_INCLUDE_IN_FRAMEWORK_HEADER = YES;
				CLANG_WARN_RANGE_LOOP_ANALYSIS = YES;
				CLANG_WARN_STRICT_PROTOTYPES = YES;
				CLANG_WARN_SUSPICIOUS_MOVE = YES;
				CLANG_WARN_UNGUARDED_AVAILABILITY = YES_AGGRESSIVE;
				CLANG_WARN_UNREACHABLE_CODE = YES;
				CLANG_WARN__DUPLICATE_METHOD_MATCH = YES;
				COPY_PHASE_STRIP = NO;
				DEBUG_INFORMATION_FORMAT = dwarf;
				ENABLE_STRICT_OBJC_MSGSEND = YES;
				ENABLE_TESTABILITY = YES;
				GCC_C_LANGUAGE_STANDARD = gnu11;
				GCC_DYNAMIC_NO_PIC = NO;
				GCC_NO_COMMON_BLOCKS = YES;
				GCC_OPTIMIZATION_LEVEL = 0;
				GCC_PREPROCESSOR_DEFINITIONS = (
					"DEBUG=1",
					"$(inherited)",
				);
				GCC_WARN_64_TO_32_BIT_CONVERSION = YES;
				GCC_WARN_ABOUT_RETURN_TYPE = YES_ERROR;
				GCC_WARN_UNDECLARED_SELECTOR = YES;
				GCC_WARN_UNINITIALIZED_AUTOS = YES_AGGRESSIVE;
				GCC_WARN_UNUSED_FUNCTION = YES;
				GCC_WARN_UNUSED_VARIABLE = YES;
				IPHONEOS_DEPLOYMENT_TARGET = 14.3;
				MTL_ENABLE_DEBUG_INFO = INCLUDE_SOURCE;
				MTL_FAST_MATH = YES;
				ONLY_ACTIVE_ARCH = YES;
				SDKROOT = iphoneos;
				SWIFT_ACTIVE_COMPILATION_CONDITIONS = DEBUG;
				SWIFT_OPTIMIZATION_LEVEL = "-Onone";
			};
			name = Debug;
		};
		04FFADB525B520000045D75D /* Release */ = {
			isa = XCBuildConfiguration;
			buildSettings = {
				ALWAYS_SEARCH_USER_PATHS = NO;
				CLANG_ANALYZER_NONNULL = YES;
				CLANG_ANALYZER_NUMBER_OBJECT_CONVERSION = YES_AGGRESSIVE;
				CLANG_CXX_LANGUAGE_STANDARD = "gnu++14";
				CLANG_CXX_LIBRARY = "libc++";
				CLANG_ENABLE_MODULES = YES;
				CLANG_ENABLE_OBJC_ARC = YES;
				CLANG_ENABLE_OBJC_WEAK = YES;
				CLANG_WARN_BLOCK_CAPTURE_AUTORELEASING = YES;
				CLANG_WARN_BOOL_CONVERSION = YES;
				CLANG_WARN_COMMA = YES;
				CLANG_WARN_CONSTANT_CONVERSION = YES;
				CLANG_WARN_DEPRECATED_OBJC_IMPLEMENTATIONS = YES;
				CLANG_WARN_DIRECT_OBJC_ISA_USAGE = YES_ERROR;
				CLANG_WARN_DOCUMENTATION_COMMENTS = YES;
				CLANG_WARN_EMPTY_BODY = YES;
				CLANG_WARN_ENUM_CONVERSION = YES;
				CLANG_WARN_INFINITE_RECURSION = YES;
				CLANG_WARN_INT_CONVERSION = YES;
				CLANG_WARN_NON_LITERAL_NULL_CONVERSION = YES;
				CLANG_WARN_OBJC_IMPLICIT_RETAIN_SELF = YES;
				CLANG_WARN_OBJC_LITERAL_CONVERSION = YES;
				CLANG_WARN_OBJC_ROOT_CLASS = YES_ERROR;
				CLANG_WARN_QUOTED_INCLUDE_IN_FRAMEWORK_HEADER = YES;
				CLANG_WARN_RANGE_LOOP_ANALYSIS = YES;
				CLANG_WARN_STRICT_PROTOTYPES = YES;
				CLANG_WARN_SUSPICIOUS_MOVE = YES;
				CLANG_WARN_UNGUARDED_AVAILABILITY = YES_AGGRESSIVE;
				CLANG_WARN_UNREACHABLE_CODE = YES;
				CLANG_WARN__DUPLICATE_METHOD_MATCH = YES;
				COPY_PHASE_STRIP = NO;
				DEBUG_INFORMATION_FORMAT = "dwarf-with-dsym";
				ENABLE_NS_ASSERTIONS = NO;
				ENABLE_STRICT_OBJC_MSGSEND = YES;
				GCC_C_LANGUAGE_STANDARD = gnu11;
				GCC_NO_COMMON_BLOCKS = YES;
				GCC_WARN_64_TO_32_BIT_CONVERSION = YES;
				GCC_WARN_ABOUT_RETURN_TYPE = YES_ERROR;
				GCC_WARN_UNDECLARED_SELECTOR = YES;
				GCC_WARN_UNINITIALIZED_AUTOS = YES_AGGRESSIVE;
				GCC_WARN_UNUSED_FUNCTION = YES;
				GCC_WARN_UNUSED_VARIABLE = YES;
				IPHONEOS_DEPLOYMENT_TARGET = 14.3;
				MTL_ENABLE_DEBUG_INFO = NO;
				MTL_FAST_MATH = YES;
				SDKROOT = iphoneos;
				SWIFT_COMPILATION_MODE = wholemodule;
				SWIFT_OPTIMIZATION_LEVEL = "-O";
				VALIDATE_PRODUCT = YES;
			};
			name = Release;
		};
		04FFADB725B520000045D75D /* Debug */ = {
			isa = XCBuildConfiguration;
			baseConfigurationReference = 0703220846A658E6E2C8DB96 /* Pods-Magic Fight.debug.xcconfig */;
			buildSettings = {
				ASSETCATALOG_COMPILER_APPICON_NAME = AppIcon;
				ASSETCATALOG_COMPILER_GLOBAL_ACCENT_COLOR_NAME = AccentColor;
				CODE_SIGN_STYLE = Automatic;
				DEVELOPMENT_TEAM = 2F54VR68GM;
				INFOPLIST_FILE = "Magic Fight/Info.plist";
				LD_RUNPATH_SEARCH_PATHS = (
					"$(inherited)",
					"@executable_path/Frameworks",
					"@executable_path/../Frameworks",
				);
				MARKETING_VERSION = 1.0.1;
				PRODUCT_BUNDLE_IDENTIFIER = "com.fomagran.Magic-Fight";
				PRODUCT_NAME = "$(TARGET_NAME)";
				SWIFT_VERSION = 5.0;
				TARGETED_DEVICE_FAMILY = 1;
			};
			name = Debug;
		};
		04FFADB825B520000045D75D /* Release */ = {
			isa = XCBuildConfiguration;
			baseConfigurationReference = C0DF17724F8F41FE5D198B28 /* Pods-Magic Fight.release.xcconfig */;
			buildSettings = {
				ASSETCATALOG_COMPILER_APPICON_NAME = AppIcon;
				ASSETCATALOG_COMPILER_GLOBAL_ACCENT_COLOR_NAME = AccentColor;
				CODE_SIGN_STYLE = Automatic;
				DEVELOPMENT_TEAM = 2F54VR68GM;
				INFOPLIST_FILE = "Magic Fight/Info.plist";
				LD_RUNPATH_SEARCH_PATHS = (
					"$(inherited)",
					"@executable_path/Frameworks",
					"@executable_path/../Frameworks",
				);
				MARKETING_VERSION = 1.0.1;
				PRODUCT_BUNDLE_IDENTIFIER = "com.fomagran.Magic-Fight";
				PRODUCT_NAME = "$(TARGET_NAME)";
				SWIFT_VERSION = 5.0;
				TARGETED_DEVICE_FAMILY = 1;
			};
			name = Release;
		};
/* End XCBuildConfiguration section */

/* Begin XCConfigurationList section */
		04FFAD9D25B51FFF0045D75D /* Build configuration list for PBXProject "Magic Fight" */ = {
			isa = XCConfigurationList;
			buildConfigurations = (
				04FFADB425B520000045D75D /* Debug */,
				04FFADB525B520000045D75D /* Release */,
			);
			defaultConfigurationIsVisible = 0;
			defaultConfigurationName = Release;
		};
		04FFADB625B520000045D75D /* Build configuration list for PBXNativeTarget "Magic Fight" */ = {
			isa = XCConfigurationList;
			buildConfigurations = (
				04FFADB725B520000045D75D /* Debug */,
				04FFADB825B520000045D75D /* Release */,
			);
			defaultConfigurationIsVisible = 0;
			defaultConfigurationName = Release;
		};
/* End XCConfigurationList section */
	};
	rootObject = 04FFAD9A25B51FFF0045D75D /* Project object */;
}
